
Microsoft Visual Studio Solution File, Format Version 12.00
# Visual Studio 15
VisualStudioVersion = 15.0.28307.1401
MinimumVisualStudioVersion = 10.0.40219.1
Project("{FAE04EC0-301F-11D3-BF4B-00C04F79EFBC}") = "FloatDoubleDecimal", "FloatDoubleDecimal\FloatDoubleDecimal.csproj", "{F028A1B6-D564-4781-AF20-DD1BDA865490}"
EndProject
Global
	GlobalSection(SolutionConfigurationPlatforms) = preSolution
		Debug|Any CPU = Debug|Any CPU
		Release|Any CPU = Release|Any CPU
	EndGlobalSection
	GlobalSection(ProjectConfigurationPlatforms) = postSolution
		{F028A1B6-D564-4781-AF20-DD1BDA865490}.Debug|Any CPU.ActiveCfg = Debug|Any CPU
		{F028A1B6-D564-4781-AF20-DD1BDA865490}.Debug|Any CPU.Build.0 = Debug|Any CPU
		{F028A1B6-D564-4781-AF20-DD1BDA865490}.Release|Any CPU.ActiveCfg = Release|Any CPU
		{F028A1B6-D564-4781-AF20-DD1BDA865490}.Release|Any CPU.Build.0 = Release|Any CPU
	EndGlobalSection
	GlobalSection(SolutionProperties) = preSolution
		HideSolutionNode = FALSE
	EndGlobalSection
	GlobalSection(ExtensibilityGlobals) = postSolution
		SolutionGuid = {296AFF9F-5CB7-4C94-84F0-646E980628F4}
	EndGlobalSection
EndGlobal
