
Microsoft Visual Studio Solution File, Format Version 12.00
# Visual Studio 15
VisualStudioVersion = 15.0.28307.1401
MinimumVisualStudioVersion = 10.0.40219.1
Project("{FAE04EC0-301F-11D3-BF4B-00C04F79EFBC}") = "string", "string\string.csproj", "{8F3A5CC0-A217-4A67-B43D-E0777DCCA32F}"
EndProject
Global
	GlobalSection(SolutionConfigurationPlatforms) = preSolution
		Debug|Any CPU = Debug|Any CPU
		Release|Any CPU = Release|Any CPU
	EndGlobalSection
	GlobalSection(ProjectConfigurationPlatforms) = postSolution
		{8F3A5CC0-A217-4A67-B43D-E0777DCCA32F}.Debug|Any CPU.ActiveCfg = Debug|Any CPU
		{8F3A5CC0-A217-4A67-B43D-E0777DCCA32F}.Debug|Any CPU.Build.0 = Debug|Any CPU
		{8F3A5CC0-A217-4A67-B43D-E0777DCCA32F}.Release|Any CPU.ActiveCfg = Release|Any CPU
		{8F3A5CC0-A217-4A67-B43D-E0777DCCA32F}.Release|Any CPU.Build.0 = Release|Any CPU
	EndGlobalSection
	GlobalSection(SolutionProperties) = preSolution
		HideSolutionNode = FALSE
	EndGlobalSection
	GlobalSection(ExtensibilityGlobals) = postSolution
		SolutionGuid = {E797D17F-E7A0-4301-987F-0B607CF0CD37}
	EndGlobalSection
EndGlobal
